
Microsoft Visual Studio Solution File, Format Version 12.00
# Visual Studio Version 16
VisualStudioVersion = 16.0.30907.101
MinimumVisualStudioVersion = 15.0.26124.0
Project("{9A19103F-16F7-4668-BE54-9A1E7A4F7556}") = "Domain", "Domain\Domain.csproj", "{7A3E4CA5-E8AD-491E-B4FA-FB4801B26B90}"
EndProject
Project("{9A19103F-16F7-4668-BE54-9A1E7A4F7556}") = "Application", "Application\Application.csproj", "{B5BB54E9-9CE2-49EB-8DAB-D1E55E0F893A}"
EndProject
Project("{9A19103F-16F7-4668-BE54-9A1E7A4F7556}") = "Persistence", "Persistence\Persistence.csproj", "{F5E2EB7F-7777-48C4-9C20-9348D612209E}"
EndProject
Project("{9A19103F-16F7-4668-BE54-9A1E7A4F7556}") = "API", "API\API.csproj", "{FF9924FF-3607-4A06-B0FE-B11B4FF982D0}"
EndProject
Project("{E24C65DC-7377-472B-9ABA-BC803B73C61A}") = "client-app", "client-app\", "{29E1BD9E-EE9A-47E2-9B0D-4ABB3682848E}"
	ProjectSection(WebsiteProperties) = preProject
		TargetFrameworkMoniker = ".NETFramework,Version%3Dv4.0"
		Debug.AspNetCompiler.VirtualPath = "/localhost_3773"
		Debug.AspNetCompiler.PhysicalPath = "client-app\"
		Debug.AspNetCompiler.TargetPath = "PrecompiledWeb\localhost_3773\"
		Debug.AspNetCompiler.Updateable = "true"
		Debug.AspNetCompiler.ForceOverwrite = "true"
		Debug.AspNetCompiler.FixedNames = "false"
		Debug.AspNetCompiler.Debug = "True"
		Release.AspNetCompiler.VirtualPath = "/localhost_3773"
		Release.AspNetCompiler.PhysicalPath = "client-app\"
		Release.AspNetCompiler.TargetPath = "PrecompiledWeb\localhost_3773\"
		Release.AspNetCompiler.Updateable = "true"
		Release.AspNetCompiler.ForceOverwrite = "true"
		Release.AspNetCompiler.FixedNames = "false"
		Release.AspNetCompiler.Debug = "False"
		VWDPort = "3773"
		SlnRelativePath = "client-app\"
	EndProjectSection
EndProject
Global
	GlobalSection(SolutionConfigurationPlatforms) = preSolution
		Debug|Any CPU = Debug|Any CPU
		Debug|x64 = Debug|x64
		Debug|x86 = Debug|x86
		Release|Any CPU = Release|Any CPU
		Release|x64 = Release|x64
		Release|x86 = Release|x86
	EndGlobalSection
	GlobalSection(ProjectConfigurationPlatforms) = postSolution
		{7A3E4CA5-E8AD-491E-B4FA-FB4801B26B90}.Debug|Any CPU.ActiveCfg = Debug|Any CPU
		{7A3E4CA5-E8AD-491E-B4FA-FB4801B26B90}.Debug|Any CPU.Build.0 = Debug|Any CPU
		{7A3E4CA5-E8AD-491E-B4FA-FB4801B26B90}.Debug|x64.ActiveCfg = Debug|Any CPU
		{7A3E4CA5-E8AD-491E-B4FA-FB4801B26B90}.Debug|x64.Build.0 = Debug|Any CPU
		{7A3E4CA5-E8AD-491E-B4FA-FB4801B26B90}.Debug|x86.ActiveCfg = Debug|Any CPU
		{7A3E4CA5-E8AD-491E-B4FA-FB4801B26B90}.Debug|x86.Build.0 = Debug|Any CPU
		{7A3E4CA5-E8AD-491E-B4FA-FB4801B26B90}.Release|Any CPU.ActiveCfg = Release|Any CPU
		{7A3E4CA5-E8AD-491E-B4FA-FB4801B26B90}.Release|Any CPU.Build.0 = Release|Any CPU
		{7A3E4CA5-E8AD-491E-B4FA-FB4801B26B90}.Release|x64.ActiveCfg = Release|Any CPU
		{7A3E4CA5-E8AD-491E-B4FA-FB4801B26B90}.Release|x64.Build.0 = Release|Any CPU
		{7A3E4CA5-E8AD-491E-B4FA-FB4801B26B90}.Release|x86.ActiveCfg = Release|Any CPU
		{7A3E4CA5-E8AD-491E-B4FA-FB4801B26B90}.Release|x86.Build.0 = Release|Any CPU
		{B5BB54E9-9CE2-49EB-8DAB-D1E55E0F893A}.Debug|Any CPU.ActiveCfg = Debug|Any CPU
		{B5BB54E9-9CE2-49EB-8DAB-D1E55E0F893A}.Debug|Any CPU.Build.0 = Debug|Any CPU
		{B5BB54E9-9CE2-49EB-8DAB-D1E55E0F893A}.Debug|x64.ActiveCfg = Debug|Any CPU
		{B5BB54E9-9CE2-49EB-8DAB-D1E55E0F893A}.Debug|x64.Build.0 = Debug|Any CPU
		{B5BB54E9-9CE2-49EB-8DAB-D1E55E0F893A}.Debug|x86.ActiveCfg = Debug|Any CPU
		{B5BB54E9-9CE2-49EB-8DAB-D1E55E0F893A}.Debug|x86.Build.0 = Debug|Any CPU
		{B5BB54E9-9CE2-49EB-8DAB-D1E55E0F893A}.Release|Any CPU.ActiveCfg = Release|Any CPU
		{B5BB54E9-9CE2-49EB-8DAB-D1E55E0F893A}.Release|Any CPU.Build.0 = Release|Any CPU
		{B5BB54E9-9CE2-49EB-8DAB-D1E55E0F893A}.Release|x64.ActiveCfg = Release|Any CPU
		{B5BB54E9-9CE2-49EB-8DAB-D1E55E0F893A}.Release|x64.Build.0 = Release|Any CPU
		{B5BB54E9-9CE2-49EB-8DAB-D1E55E0F893A}.Release|x86.ActiveCfg = Release|Any CPU
		{B5BB54E9-9CE2-49EB-8DAB-D1E55E0F893A}.Release|x86.Build.0 = Release|Any CPU
		{F5E2EB7F-7777-48C4-9C20-9348D612209E}.Debug|Any CPU.ActiveCfg = Debug|Any CPU
		{F5E2EB7F-7777-48C4-9C20-9348D612209E}.Debug|Any CPU.Build.0 = Debug|Any CPU
		{F5E2EB7F-7777-48C4-9C20-9348D612209E}.Debug|x64.ActiveCfg = Debug|Any CPU
		{F5E2EB7F-7777-48C4-9C20-9348D612209E}.Debug|x64.Build.0 = Debug|Any CPU
		{F5E2EB7F-7777-48C4-9C20-9348D612209E}.Debug|x86.ActiveCfg = Debug|Any CPU
		{F5E2EB7F-7777-48C4-9C20-9348D612209E}.Debug|x86.Build.0 = Debug|Any CPU
		{F5E2EB7F-7777-48C4-9C20-9348D612209E}.Release|Any CPU.ActiveCfg = Release|Any CPU
		{F5E2EB7F-7777-48C4-9C20-9348D612209E}.Release|Any CPU.Build.0 = Release|Any CPU
		{F5E2EB7F-7777-48C4-9C20-9348D612209E}.Release|x64.ActiveCfg = Release|Any CPU
		{F5E2EB7F-7777-48C4-9C20-9348D612209E}.Release|x64.Build.0 = Release|Any CPU
		{F5E2EB7F-7777-48C4-9C20-9348D612209E}.Release|x86.ActiveCfg = Release|Any CPU
		{F5E2EB7F-7777-48C4-9C20-9348D612209E}.Release|x86.Build.0 = Release|Any CPU
		{FF9924FF-3607-4A06-B0FE-B11B4FF982D0}.Debug|Any CPU.ActiveCfg = Debug|Any CPU
		{FF9924FF-3607-4A06-B0FE-B11B4FF982D0}.Debug|Any CPU.Build.0 = Debug|Any CPU
		{FF9924FF-3607-4A06-B0FE-B11B4FF982D0}.Debug|x64.ActiveCfg = Debug|Any CPU
		{FF9924FF-3607-4A06-B0FE-B11B4FF982D0}.Debug|x64.Build.0 = Debug|Any CPU
		{FF9924FF-3607-4A06-B0FE-B11B4FF982D0}.Debug|x86.ActiveCfg = Debug|Any CPU
		{FF9924FF-3607-4A06-B0FE-B11B4FF982D0}.Debug|x86.Build.0 = Debug|Any CPU
		{FF9924FF-3607-4A06-B0FE-B11B4FF982D0}.Release|Any CPU.ActiveCfg = Release|Any CPU
		{FF9924FF-3607-4A06-B0FE-B11B4FF982D0}.Release|Any CPU.Build.0 = Release|Any CPU
		{FF9924FF-3607-4A06-B0FE-B11B4FF982D0}.Release|x64.ActiveCfg = Release|Any CPU
		{FF9924FF-3607-4A06-B0FE-B11B4FF982D0}.Release|x64.Build.0 = Release|Any CPU
		{FF9924FF-3607-4A06-B0FE-B11B4FF982D0}.Release|x86.ActiveCfg = Release|Any CPU
		{FF9924FF-3607-4A06-B0FE-B11B4FF982D0}.Release|x86.Build.0 = Release|Any CPU
		{29E1BD9E-EE9A-47E2-9B0D-4ABB3682848E}.Debug|Any CPU.ActiveCfg = Debug|Any CPU
		{29E1BD9E-EE9A-47E2-9B0D-4ABB3682848E}.Debug|Any CPU.Build.0 = Debug|Any CPU
		{29E1BD9E-EE9A-47E2-9B0D-4ABB3682848E}.Debug|x64.ActiveCfg = Debug|Any CPU
		{29E1BD9E-EE9A-47E2-9B0D-4ABB3682848E}.Debug|x64.Build.0 = Debug|Any CPU
		{29E1BD9E-EE9A-47E2-9B0D-4ABB3682848E}.Debug|x86.ActiveCfg = Debug|Any CPU
		{29E1BD9E-EE9A-47E2-9B0D-4ABB3682848E}.Debug|x86.Build.0 = Debug|Any CPU
		{29E1BD9E-EE9A-47E2-9B0D-4ABB3682848E}.Release|Any CPU.ActiveCfg = Debug|Any CPU
		{29E1BD9E-EE9A-47E2-9B0D-4ABB3682848E}.Release|Any CPU.Build.0 = Debug|Any CPU
		{29E1BD9E-EE9A-47E2-9B0D-4ABB3682848E}.Release|x64.ActiveCfg = Debug|Any CPU
		{29E1BD9E-EE9A-47E2-9B0D-4ABB3682848E}.Release|x64.Build.0 = Debug|Any CPU
		{29E1BD9E-EE9A-47E2-9B0D-4ABB3682848E}.Release|x86.ActiveCfg = Debug|Any CPU
		{29E1BD9E-EE9A-47E2-9B0D-4ABB3682848E}.Release|x86.Build.0 = Debug|Any CPU
	EndGlobalSection
	GlobalSection(SolutionProperties) = preSolution
		HideSolutionNode = FALSE
	EndGlobalSection
	GlobalSection(ExtensibilityGlobals) = postSolution
		SolutionGuid = {45858FE3-34FB-4A96-B70F-E8626FB34822}
	EndGlobalSection
EndGlobal
